
Microsoft Visual Studio Solution File, Format Version 12.00
# Visual Studio Version 17
VisualStudioVersion = 17.0.31903.59
MinimumVisualStudioVersion = 10.0.40219.1
Project("{2150E333-8FDC-42A3-9474-1A3956D46DE8}") = "src", "src", "{CF56825B-DD6F-43F7-91BA-6B72FCBDD616}"
EndProject
Project("{FAE04EC0-301F-11D3-BF4B-00C04F79EFBC}") = "RockPaperPistol.Core", "src\RockPaperPistol.Core\RockPaperPistol.Core.csproj", "{15632A6D-83B7-49B5-BBD8-E4AFF36D0C19}"
EndProject
Project("{2150E333-8FDC-42A3-9474-1A3956D46DE8}") = "tests", "tests", "{C3101C1E-8808-472C-89B1-90708EF09521}"
EndProject
Project("{FAE04EC0-301F-11D3-BF4B-00C04F79EFBC}") = "RockPaperPistol.Core.Tests", "tests\RockPaperPistol.Core.Tests\RockPaperPistol.Core.Tests.csproj", "{008B8B06-2FC7-47D2-B2F0-AF8A78C9A042}"
EndProject
Global
	GlobalSection(SolutionConfigurationPlatforms) = preSolution
		Debug|Any CPU = Debug|Any CPU
		Release|Any CPU = Release|Any CPU
	EndGlobalSection
	GlobalSection(SolutionProperties) = preSolution
		HideSolutionNode = FALSE
	EndGlobalSection
	GlobalSection(ProjectConfigurationPlatforms) = postSolution
		{15632A6D-83B7-49B5-BBD8-E4AFF36D0C19}.Debug|Any CPU.ActiveCfg = Debug|Any CPU
		{15632A6D-83B7-49B5-BBD8-E4AFF36D0C19}.Debug|Any CPU.Build.0 = Debug|Any CPU
		{15632A6D-83B7-49B5-BBD8-E4AFF36D0C19}.Release|Any CPU.ActiveCfg = Release|Any CPU
		{15632A6D-83B7-49B5-BBD8-E4AFF36D0C19}.Release|Any CPU.Build.0 = Release|Any CPU
		{008B8B06-2FC7-47D2-B2F0-AF8A78C9A042}.Debug|Any CPU.ActiveCfg = Debug|Any CPU
		{008B8B06-2FC7-47D2-B2F0-AF8A78C9A042}.Debug|Any CPU.Build.0 = Debug|Any CPU
		{008B8B06-2FC7-47D2-B2F0-AF8A78C9A042}.Release|Any CPU.ActiveCfg = Release|Any CPU
		{008B8B06-2FC7-47D2-B2F0-AF8A78C9A042}.Release|Any CPU.Build.0 = Release|Any CPU
	EndGlobalSection
	GlobalSection(NestedProjects) = preSolution
		{15632A6D-83B7-49B5-BBD8-E4AFF36D0C19} = {CF56825B-DD6F-43F7-91BA-6B72FCBDD616}
		{008B8B06-2FC7-47D2-B2F0-AF8A78C9A042} = {C3101C1E-8808-472C-89B1-90708EF09521}
	EndGlobalSection
EndGlobal
